
Microsoft Visual Studio Solution File, Format Version 12.00
Project("{FAE04EC0-301F-11D3-BF4B-00C04F79EFBC}") = "frontend", "frontend\frontend.csproj", "{94CE430D-2692-4834-981C-BE1AA7A1AC05}"
EndProject
Global
	GlobalSection(SolutionConfigurationPlatforms) = preSolution
		Debug|Any CPU = Debug|Any CPU
		Release|Any CPU = Release|Any CPU
	EndGlobalSection
	GlobalSection(ProjectConfigurationPlatforms) = postSolution
		{94CE430D-2692-4834-981C-BE1AA7A1AC05}.Debug|Any CPU.ActiveCfg = Debug|Any CPU
		{94CE430D-2692-4834-981C-BE1AA7A1AC05}.Debug|Any CPU.Build.0 = Debug|Any CPU
		{94CE430D-2692-4834-981C-BE1AA7A1AC05}.Release|Any CPU.ActiveCfg = Release|Any CPU
		{94CE430D-2692-4834-981C-BE1AA7A1AC05}.Release|Any CPU.Build.0 = Release|Any CPU
	EndGlobalSection
EndGlobal
